
Microsoft Visual Studio Solution File, Format Version 12.00
# Visual Studio Version 17
VisualStudioVersion = 17.7.34031.279
MinimumVisualStudioVersion = 10.0.40219.1
Project("{FAE04EC0-301F-11D3-BF4B-00C04F79EFBC}") = "QLBH_DIEN_TU", "QLBH_DIEN_TU\QLBH_DIEN_TU.csproj", "{1A2C4747-631E-4313-81D3-4D2B055358CD}"
EndProject
Global
	GlobalSection(SolutionConfigurationPlatforms) = preSolution
		Debug|Any CPU = Debug|Any CPU
		Release|Any CPU = Release|Any CPU
	EndGlobalSection
	GlobalSection(ProjectConfigurationPlatforms) = postSolution
		{1A2C4747-631E-4313-81D3-4D2B055358CD}.Debug|Any CPU.ActiveCfg = Debug|Any CPU
		{1A2C4747-631E-4313-81D3-4D2B055358CD}.Debug|Any CPU.Build.0 = Debug|Any CPU
		{1A2C4747-631E-4313-81D3-4D2B055358CD}.Release|Any CPU.ActiveCfg = Release|Any CPU
		{1A2C4747-631E-4313-81D3-4D2B055358CD}.Release|Any CPU.Build.0 = Release|Any CPU
	EndGlobalSection
	GlobalSection(SolutionProperties) = preSolution
		HideSolutionNode = FALSE
	EndGlobalSection
	GlobalSection(ExtensibilityGlobals) = postSolution
		SolutionGuid = {ED4BC897-C18E-40AF-B224-7BA996D63B1F}
	EndGlobalSection
EndGlobal
